PODS:
  - SwiftMessages/AppExtension (4.2.0)

DEPENDENCIES:
  - SwiftMessages/AppExtension (from `../`)

EXTERNAL SOURCES:
  SwiftMessages:
    :path: "../"

SPEC CHECKSUMS:
  SwiftMessages: 881ca149ab24ff45ea448fba766886389928e3bc

PODFILE CHECKSUM: b47f7a2d63b9776e09d7e418c077100b41c0cfbc

COCOAPODS: 1.5.2
