PODS:
  - SwiftMessages/AppExtension (10.0.1)

DEPENDENCIES:
  - SwiftMessages/AppExtension (from `../`)

EXTERNAL SOURCES:
  SwiftMessages:
    :path: "../"

SPEC CHECKSUMS:
  SwiftMessages: 759b4a0bf5c3a116a0d7e8a34b098ba83c458625

PODFILE CHECKSUM: 2eb9a33592d0c52131c37a9dd169a8c4604ffd7b

COCOAPODS: 1.15.2
