// !$*UTF8*$!
{
	archiveVersion = 1;
	classes = {
	};
	objectVersion = 56;
	objects = {

/* Begin PBXBuildFile section */
		228F7DAD2ACF17E8006C9644 /* SwiftUIDemoApp.swift in Sources */ = {isa = PBXBuildFile; fileRef = 228F7DAC2ACF17E8006C9644 /* SwiftUIDemoApp.swift */; };
		228F7DAF2ACF17E8006C9644 /* DemoView.swift in Sources */ = {isa = PBXBuildFile; fileRef = 228F7DAE2ACF17E8006C9644 /* DemoView.swift */; };
		228F7DB12ACF17E9006C9644 /* Assets.xcassets in Resources */ = {isa = PBXBuildFile; fileRef = 228F7DB02ACF17E9006C9644 /* Assets.xcassets */; };
		228F7DB42ACF17E9006C9644 /* Preview Assets.xcassets in Resources */ = {isa = PBXBuildFile; fileRef = 228F7DB32ACF17E9006C9644 /* Preview Assets.xcassets */; };
		228F7DC82ACF1E63006C9644 /* SwiftMessages.framework in Frameworks */ = {isa = PBXBuildFile; fileRef = 228F7DC32ACF1E1E006C9644 /* SwiftMessages.framework */; };
		228F7DC92ACF1E63006C9644 /* SwiftMessages.framework in Embed Frameworks */ = {isa = PBXBuildFile; fileRef = 228F7DC32ACF1E1E006C9644 /* SwiftMessages.framework */; settings = {ATTRIBUTES = (CodeSignOnCopy, RemoveHeadersOnCopy, ); }; };
		228F7DD52ACF59E4006C9644 /* DemoMessage.swift in Sources */ = {isa = PBXBuildFile; fileRef = 228F7DD42ACF59E4006C9644 /* DemoMessage.swift */; };
		228F7DD72ACF5C2E006C9644 /* DemoMessageView.swift in Sources */ = {isa = PBXBuildFile; fileRef = 228F7DD62ACF5C2E006C9644 /* DemoMessageView.swift */; };
/* End PBXBuildFile section */

/* Begin PBXContainerItemProxy section */
		228F7DC22ACF1E1E006C9644 /* PBXContainerItemProxy */ = {
			isa = PBXContainerItemProxy;
			containerPortal = 228F7DBD2ACF1E1E006C9644 /* SwiftMessages.xcodeproj */;
			proxyType = 2;
			remoteGlobalIDString = 86B48AEC1D5A41C900063E2B;
			remoteInfo = SwiftMessages;
		};
		228F7DC42ACF1E1E006C9644 /* PBXContainerItemProxy */ = {
			isa = PBXContainerItemProxy;
			containerPortal = 228F7DBD2ACF1E1E006C9644 /* SwiftMessages.xcodeproj */;
			proxyType = 2;
			remoteGlobalIDString = 86B48AF51D5A41C900063E2B;
			remoteInfo = SwiftMessagesTests;
		};
/* End PBXContainerItemProxy section */

/* Begin PBXCopyFilesBuildPhase section */
		228F7DCA2ACF1E63006C9644 /* Embed Frameworks */ = {
			isa = PBXCopyFilesBuildPhase;
			buildActionMask = 2147483647;
			dstPath = "";
			dstSubfolderSpec = 10;
			files = (
				228F7DC92ACF1E63006C9644 /* SwiftMessages.framework in Embed Frameworks */,
			);
			name = "Embed Frameworks";
			runOnlyForDeploymentPostprocessing = 0;
		};
/* End PBXCopyFilesBuildPhase section */

/* Begin PBXFileReference section */
		228F7DA92ACF17E8006C9644 /* SwiftUIDemo.app */ = {isa = PBXFileReference; explicitFileType = wrapper.application; includeInIndex = 0; path = SwiftUIDemo.app; sourceTree = BUILT_PRODUCTS_DIR; };
		228F7DAC2ACF17E8006C9644 /* SwiftUIDemoApp.swift */ = {isa = PBXFileReference; lastKnownFileType = sourcecode.swift; path = SwiftUIDemoApp.swift; sourceTree = "<group>"; };
		228F7DAE2ACF17E8006C9644 /* DemoView.swift */ = {isa = PBXFileReference; lastKnownFileType = sourcecode.swift; path = DemoView.swift; sourceTree = "<group>"; };
		228F7DB02ACF17E9006C9644 /* Assets.xcassets */ = {isa = PBXFileReference; lastKnownFileType = folder.assetcatalog; path = Assets.xcassets; sourceTree = "<group>"; };
		228F7DB32ACF17E9006C9644 /* Preview Assets.xcassets */ = {isa = PBXFileReference; lastKnownFileType = folder.assetcatalog; path = "Preview Assets.xcassets"; sourceTree = "<group>"; };
		228F7DBB2ACF1DB5006C9644 /* Info.plist */ = {isa = PBXFileReference; lastKnownFileType = text.plist; path = Info.plist; sourceTree = "<group>"; };
		228F7DBD2ACF1E1E006C9644 /* SwiftMessages.xcodeproj */ = {isa = PBXFileReference; lastKnownFileType = "wrapper.pb-project"; name = SwiftMessages.xcodeproj; path = ../SwiftMessages.xcodeproj; sourceTree = "<group>"; };
		228F7DD42ACF59E4006C9644 /* DemoMessage.swift */ = {isa = PBXFileReference; lastKnownFileType = sourcecode.swift; path = DemoMessage.swift; sourceTree = "<group>"; };
		228F7DD62ACF5C2E006C9644 /* DemoMessageView.swift */ = {isa = PBXFileReference; lastKnownFileType = sourcecode.swift; path = DemoMessageView.swift; sourceTree = "<group>"; };
		2291AA492AD1E3EC0084868E /* README.md */ = {isa = PBXFileReference; lastKnownFileType = net.daringfireball.markdown; name = README.md; path = ../README.md; sourceTree = "<group>"; };
		2291AA4C2AD1E4520084868E /* CHANGELOG.md */ = {isa = PBXFileReference; lastKnownFileType = net.daringfireball.markdown; name = CHANGELOG.md; path = ../CHANGELOG.md; sourceTree = "<group>"; };
/* End PBXFileReference section */

/* Begin PBXFrameworksBuildPhase section */
		228F7DA62ACF17E8006C9644 /* Frameworks */ = {
			isa = PBXFrameworksBuildPhase;
			buildActionMask = 2147483647;
			files = (
				228F7DC82ACF1E63006C9644 /* SwiftMessages.framework in Frameworks */,
			);
			runOnlyForDeploymentPostprocessing = 0;
		};
/* End PBXFrameworksBuildPhase section */

/* Begin PBXGroup section */
		228F7DA02ACF17E8006C9644 = {
			isa = PBXGroup;
			children = (
				2291AA4C2AD1E4520084868E /* CHANGELOG.md */,
				2291AA492AD1E3EC0084868E /* README.md */,
				228F7DAB2ACF17E8006C9644 /* SwiftUIDemo */,
				228F7DAA2ACF17E8006C9644 /* Products */,
				228F7DC72ACF1E63006C9644 /* Frameworks */,
				228F7DBD2ACF1E1E006C9644 /* SwiftMessages.xcodeproj */,
			);
			sourceTree = "<group>";
		};
		228F7DAA2ACF17E8006C9644 /* Products */ = {
			isa = PBXGroup;
			children = (
				228F7DA92ACF17E8006C9644 /* SwiftUIDemo.app */,
			);
			name = Products;
			sourceTree = "<group>";
		};
		228F7DAB2ACF17E8006C9644 /* SwiftUIDemo */ = {
			isa = PBXGroup;
			children = (
				228F7DBB2ACF1DB5006C9644 /* Info.plist */,
				228F7DAC2ACF17E8006C9644 /* SwiftUIDemoApp.swift */,
				228F7DAE2ACF17E8006C9644 /* DemoView.swift */,
				228F7DD42ACF59E4006C9644 /* DemoMessage.swift */,
				228F7DD62ACF5C2E006C9644 /* DemoMessageView.swift */,
				228F7DB02ACF17E9006C9644 /* Assets.xcassets */,
				228F7DB22ACF17E9006C9644 /* Preview Content */,
			);
			path = SwiftUIDemo;
			sourceTree = "<group>";
		};
		228F7DB22ACF17E9006C9644 /* Preview Content */ = {
			isa = PBXGroup;
			children = (
				228F7DB32ACF17E9006C9644 /* Preview Assets.xcassets */,
			);
			path = "Preview Content";
			sourceTree = "<group>";
		};
		228F7DBE2ACF1E1E006C9644 /* Products */ = {
			isa = PBXGroup;
			children = (
				228F7DC32ACF1E1E006C9644 /* SwiftMessages.framework */,
				228F7DC52ACF1E1E006C9644 /* SwiftMessagesTests.xctest */,
			);
			name = Products;
			sourceTree = "<group>";
		};
		228F7DC72ACF1E63006C9644 /* Frameworks */ = {
			isa = PBXGroup;
			children = (
			);
			name = Frameworks;
			sourceTree = "<group>";
		};
/* End PBXGroup section */

/* Begin PBXNativeTarget section */
		228F7DA82ACF17E8006C9644 /* SwiftUIDemo */ = {
			isa = PBXNativeTarget;
			buildConfigurationList = 228F7DB72ACF17E9006C9644 /* Build configuration list for PBXNativeTarget "SwiftUIDemo" */;
			buildPhases = (
				228F7DA52ACF17E8006C9644 /* Sources */,
				228F7DA62ACF17E8006C9644 /* Frameworks */,
				228F7DA72ACF17E8006C9644 /* Resources */,
				228F7DCA2ACF1E63006C9644 /* Embed Frameworks */,
			);
			buildRules = (
			);
			dependencies = (
			);
			name = SwiftUIDemo;
			productName = SwiftUIDemo;
			productReference = 228F7DA92ACF17E8006C9644 /* SwiftUIDemo.app */;
			productType = "com.apple.product-type.application";
		};
/* End PBXNativeTarget section */

/* Begin PBXProject section */
		228F7DA12ACF17E8006C9644 /* Project object */ = {
			isa = PBXProject;
			attributes = {
				BuildIndependentTargetsInParallel = 1;
				LastSwiftUpdateCheck = 1500;
				LastUpgradeCheck = 1500;
				TargetAttributes = {
					228F7DA82ACF17E8006C9644 = {
						CreatedOnToolsVersion = 15.0;
					};
				};
			};
			buildConfigurationList = 228F7DA42ACF17E8006C9644 /* Build configuration list for PBXProject "SwiftUIDemo" */;
			compatibilityVersion = "Xcode 14.0";
			developmentRegion = en;
			hasScannedForEncodings = 0;
			knownRegions = (
				en,
				Base,
			);
			mainGroup = 228F7DA02ACF17E8006C9644;
			productRefGroup = 228F7DAA2ACF17E8006C9644 /* Products */;
			projectDirPath = "";
			projectReferences = (
				{
					ProductGroup = 228F7DBE2ACF1E1E006C9644 /* Products */;
					ProjectRef = 228F7DBD2ACF1E1E006C9644 /* SwiftMessages.xcodeproj */;
				},
			);
			projectRoot = "";
			targets = (
				228F7DA82ACF17E8006C9644 /* SwiftUIDemo */,
			);
		};
/* End PBXProject section */

/* Begin PBXReferenceProxy section */
		228F7DC32ACF1E1E006C9644 /* SwiftMessages.framework */ = {
			isa = PBXReferenceProxy;
			fileType = wrapper.framework;
			path = SwiftMessages.framework;
			remoteRef = 228F7DC22ACF1E1E006C9644 /* PBXContainerItemProxy */;
			sourceTree = BUILT_PRODUCTS_DIR;
		};
		228F7DC52ACF1E1E006C9644 /* SwiftMessagesTests.xctest */ = {
			isa = PBXReferenceProxy;
			fileType = wrapper.cfbundle;
			path = SwiftMessagesTests.xctest;
			remoteRef = 228F7DC42ACF1E1E006C9644 /* PBXContainerItemProxy */;
			sourceTree = BUILT_PRODUCTS_DIR;
		};
/* End PBXReferenceProxy section */

/* Begin PBXResourcesBuildPhase section */
		228F7DA72ACF17E8006C9644 /* Resources */ = {
			isa = PBXResourcesBuildPhase;
			buildActionMask = 2147483647;
			files = (
				228F7DB42ACF17E9006C9644 /* Preview Assets.xcassets in Resources */,
				228F7DB12ACF17E9006C9644 /* Assets.xcassets in Resources */,
			);
			runOnlyForDeploymentPostprocessing = 0;
		};
/* End PBXResourcesBuildPhase section */

/* Begin PBXSourcesBuildPhase section */
		228F7DA52ACF17E8006C9644 /* Sources */ = {
			isa = PBXSourcesBuildPhase;
			buildActionMask = 2147483647;
			files = (
				228F7DD52ACF59E4006C9644 /* DemoMessage.swift in Sources */,
				228F7DD72ACF5C2E006C9644 /* DemoMessageView.swift in Sources */,
				228F7DAF2ACF17E8006C9644 /* DemoView.swift in Sources */,
				228F7DAD2ACF17E8006C9644 /* SwiftUIDemoApp.swift in Sources */,
			);
			runOnlyForDeploymentPostprocessing = 0;
		};
/* End PBXSourcesBuildPhase section */

/* Begin XCBuildConfiguration section */
		228F7DB52ACF17E9006C9644 /* Debug */ = {
			isa = XCBuildConfiguration;
			buildSettings = {
				ALWAYS_SEARCH_USER_PATHS = NO;
				ASSETCATALOG_COMPILER_GENERATE_SWIFT_ASSET_SYMBOL_EXTENSIONS = YES;
				CLANG_ANALYZER_NONNULL = YES;
				CLANG_ANALYZER_NUMBER_OBJECT_CONVERSION = YES_AGGRESSIVE;
				CLANG_CXX_LANGUAGE_STANDARD = "gnu++20";
				CLANG_ENABLE_MODULES = YES;
				CLANG_ENABLE_OBJC_ARC = YES;
				CLANG_ENABLE_OBJC_WEAK = YES;
				CLANG_WARN_BLOCK_CAPTURE_AUTORELEASING = YES;
				CLANG_WARN_BOOL_CONVERSION = YES;
				CLANG_WARN_COMMA = YES;
				CLANG_WARN_CONSTANT_CONVERSION = YES;
				CLANG_WARN_DEPRECATED_OBJC_IMPLEMENTATIONS = YES;
				CLANG_WARN_DIRECT_OBJC_ISA_USAGE = YES_ERROR;
				CLANG_WARN_DOCUMENTATION_COMMENTS = YES;
				CLANG_WARN_EMPTY_BODY = YES;
				CLANG_WARN_ENUM_CONVERSION = YES;
				CLANG_WARN_INFINITE_RECURSION = YES;
				CLANG_WARN_INT_CONVERSION = YES;
				CLANG_WARN_NON_LITERAL_NULL_CONVERSION = YES;
				CLANG_WARN_OBJC_IMPLICIT_RETAIN_SELF = YES;
				CLANG_WARN_OBJC_LITERAL_CONVERSION = YES;
				CLANG_WARN_OBJC_ROOT_CLASS = YES_ERROR;
				CLANG_WARN_QUOTED_INCLUDE_IN_FRAMEWORK_HEADER = YES;
				CLANG_WARN_RANGE_LOOP_ANALYSIS = YES;
				CLANG_WARN_STRICT_PROTOTYPES = YES;
				CLANG_WARN_SUSPICIOUS_MOVE = YES;
				CLANG_WARN_UNGUARDED_AVAILABILITY = YES_AGGRESSIVE;
				CLANG_WARN_UNREACHABLE_CODE = YES;
				CLANG_WARN__DUPLICATE_METHOD_MATCH = YES;
				COPY_PHASE_STRIP = NO;
				DEBUG_INFORMATION_FORMAT = dwarf;
				ENABLE_STRICT_OBJC_MSGSEND = YES;
				ENABLE_TESTABILITY = YES;
				ENABLE_USER_SCRIPT_SANDBOXING = YES;
				GCC_C_LANGUAGE_STANDARD = gnu17;
				GCC_DYNAMIC_NO_PIC = NO;
				GCC_NO_COMMON_BLOCKS = YES;
				GCC_OPTIMIZATION_LEVEL = 0;
				GCC_PREPROCESSOR_DEFINITIONS = (
					"DEBUG=1",
					"$(inherited)",
				);
				GCC_WARN_64_TO_32_BIT_CONVERSION = YES;
				GCC_WARN_ABOUT_RETURN_TYPE = YES_ERROR;
				GCC_WARN_UNDECLARED_SELECTOR = YES;
				GCC_WARN_UNINITIALIZED_AUTOS = YES_AGGRESSIVE;
				GCC_WARN_UNUSED_FUNCTION = YES;
				GCC_WARN_UNUSED_VARIABLE = YES;
				IPHONEOS_DEPLOYMENT_TARGET = 17.0;
				LOCALIZATION_PREFERS_STRING_CATALOGS = YES;
				MTL_ENABLE_DEBUG_INFO = INCLUDE_SOURCE;
				MTL_FAST_MATH = YES;
				ONLY_ACTIVE_ARCH = YES;
				SDKROOT = iphoneos;
				SWIFT_ACTIVE_COMPILATION_CONDITIONS = "DEBUG $(inherited)";
				SWIFT_OPTIMIZATION_LEVEL = "-Onone";
			};
			name = Debug;
		};
		228F7DB62ACF17E9006C9644 /* Release */ = {
			isa = XCBuildConfiguration;
			buildSettings = {
				ALWAYS_SEARCH_USER_PATHS = NO;
				ASSETCATALOG_COMPILER_GENERATE_SWIFT_ASSET_SYMBOL_EXTENSIONS = YES;
				CLANG_ANALYZER_NONNULL = YES;
				CLANG_ANALYZER_NUMBER_OBJECT_CONVERSION = YES_AGGRESSIVE;
				CLANG_CXX_LANGUAGE_STANDARD = "gnu++20";
				CLANG_ENABLE_MODULES = YES;
				CLANG_ENABLE_OBJC_ARC = YES;
				CLANG_ENABLE_OBJC_WEAK = YES;
				CLANG_WARN_BLOCK_CAPTURE_AUTORELEASING = YES;
				CLANG_WARN_BOOL_CONVERSION = YES;
				CLANG_WARN_COMMA = YES;
				CLANG_WARN_CONSTANT_CONVERSION = YES;
				CLANG_WARN_DEPRECATED_OBJC_IMPLEMENTATIONS = YES;
				CLANG_WARN_DIRECT_OBJC_ISA_USAGE = YES_ERROR;
				CLANG_WARN_DOCUMENTATION_COMMENTS = YES;
				CLANG_WARN_EMPTY_BODY = YES;
				CLANG_WARN_ENUM_CONVERSION = YES;
				CLANG_WARN_INFINITE_RECURSION = YES;
				CLANG_WARN_INT_CONVERSION = YES;
				CLANG_WARN_NON_LITERAL_NULL_CONVERSION = YES;
				CLANG_WARN_OBJC_IMPLICIT_RETAIN_SELF = YES;
				CLANG_WARN_OBJC_LITERAL_CONVERSION = YES;
				CLANG_WARN_OBJC_ROOT_CLASS = YES_ERROR;
				CLANG_WARN_QUOTED_INCLUDE_IN_FRAMEWORK_HEADER = YES;
				CLANG_WARN_RANGE_LOOP_ANALYSIS = YES;
				CLANG_WARN_STRICT_PROTOTYPES = YES;
				CLANG_WARN_SUSPICIOUS_MOVE = YES;
				CLANG_WARN_UNGUARDED_AVAILABILITY = YES_AGGRESSIVE;
				CLANG_WARN_UNREACHABLE_CODE = YES;
				CLANG_WARN__DUPLICATE_METHOD_MATCH = YES;
				COPY_PHASE_STRIP = NO;
				DEBUG_INFORMATION_FORMAT = "dwarf-with-dsym";
				ENABLE_NS_ASSERTIONS = NO;
				ENABLE_STRICT_OBJC_MSGSEND = YES;
				ENABLE_USER_SCRIPT_SANDBOXING = YES;
				GCC_C_LANGUAGE_STANDARD = gnu17;
				GCC_NO_COMMON_BLOCKS = YES;
				GCC_WARN_64_TO_32_BIT_CONVERSION = YES;
				GCC_WARN_ABOUT_RETURN_TYPE = YES_ERROR;
				GCC_WARN_UNDECLARED_SELECTOR = YES;
				GCC_WARN_UNINITIALIZED_AUTOS = YES_AGGRESSIVE;
				GCC_WARN_UNUSED_FUNCTION = YES;
				GCC_WARN_UNUSED_VARIABLE = YES;
				IPHONEOS_DEPLOYMENT_TARGET = 17.0;
				LOCALIZATION_PREFERS_STRING_CATALOGS = YES;
				MTL_ENABLE_DEBUG_INFO = NO;
				MTL_FAST_MATH = YES;
				SDKROOT = iphoneos;
				SWIFT_COMPILATION_MODE = wholemodule;
				VALIDATE_PRODUCT = YES;
			};
			name = Release;
		};
		228F7DB82ACF17E9006C9644 /* Debug */ = {
			isa = XCBuildConfiguration;
			buildSettings = {
				ASSETCATALOG_COMPILER_APPICON_NAME = AppIcon;
				ASSETCATALOG_COMPILER_GLOBAL_ACCENT_COLOR_NAME = AccentColor;
				CODE_SIGN_STYLE = Automatic;
				CURRENT_PROJECT_VERSION = 1;
				DEVELOPMENT_ASSET_PATHS = "\"SwiftUIDemo/Preview Content\"";
				ENABLE_PREVIEWS = YES;
				GENERATE_INFOPLIST_FILE = YES;
				INFOPLIST_FILE = SwiftUIDemo/Info.plist;
				INFOPLIST_KEY_UIApplicationSceneManifest_Generation = YES;
				INFOPLIST_KEY_UIApplicationSupportsIndirectInputEvents = YES;
				INFOPLIST_KEY_UILaunchScreen_Generation = YES;
				INFOPLIST_KEY_UISupportedInterfaceOrientations_iPad = "UIInterfaceOrientationPortrait UIInterfaceOrientationPortraitUpsideDown UIInterfaceOrientationLandscapeLeft UIInterfaceOrientationLandscapeRight";
				INFOPLIST_KEY_UISupportedInterfaceOrientations_iPhone = "UIInterfaceOrientationPortrait UIInterfaceOrientationLandscapeLeft UIInterfaceOrientationLandscapeRight";
				LD_RUNPATH_SEARCH_PATHS = (
					"$(inherited)",
					"@executable_path/Frameworks",
				);
				MARKETING_VERSION = 1.0;
				PRODUCT_BUNDLE_IDENTIFIER = com.swiftkickmobile.SwiftUIDemo;
				PRODUCT_NAME = "$(TARGET_NAME)";
				SWIFT_EMIT_LOC_STRINGS = YES;
				SWIFT_VERSION = 5.0;
				TARGETED_DEVICE_FAMILY = "1,2";
			};
			name = Debug;
		};
		228F7DB92ACF17E9006C9644 /* Release */ = {
			isa = XCBuildConfiguration;
			buildSettings = {
				ASSETCATALOG_COMPILER_APPICON_NAME = AppIcon;
				ASSETCATALOG_COMPILER_GLOBAL_ACCENT_COLOR_NAME = AccentColor;
				CODE_SIGN_STYLE = Automatic;
				CURRENT_PROJECT_VERSION = 1;
				DEVELOPMENT_ASSET_PATHS = "\"SwiftUIDemo/Preview Content\"";
				ENABLE_PREVIEWS = YES;
				GENERATE_INFOPLIST_FILE = YES;
				INFOPLIST_FILE = SwiftUIDemo/Info.plist;
				INFOPLIST_KEY_UIApplicationSceneManifest_Generation = YES;
				INFOPLIST_KEY_UIApplicationSupportsIndirectInputEvents = YES;
				INFOPLIST_KEY_UILaunchScreen_Generation = YES;
				INFOPLIST_KEY_UISupportedInterfaceOrientations_iPad = "UIInterfaceOrientationPortrait UIInterfaceOrientationPortraitUpsideDown UIInterfaceOrientationLandscapeLeft UIInterfaceOrientationLandscapeRight";
				INFOPLIST_KEY_UISupportedInterfaceOrientations_iPhone = "UIInterfaceOrientationPortrait UIInterfaceOrientationLandscapeLeft UIInterfaceOrientationLandscapeRight";
				LD_RUNPATH_SEARCH_PATHS = (
					"$(inherited)",
					"@executable_path/Frameworks",
				);
				MARKETING_VERSION = 1.0;
				PRODUCT_BUNDLE_IDENTIFIER = com.swiftkickmobile.SwiftUIDemo;
				PRODUCT_NAME = "$(TARGET_NAME)";
				SWIFT_EMIT_LOC_STRINGS = YES;
				SWIFT_VERSION = 5.0;
				TARGETED_DEVICE_FAMILY = "1,2";
			};
			name = Release;
		};
/* End XCBuildConfiguration section */

/* Begin XCConfigurationList section */
		228F7DA42ACF17E8006C9644 /* Build configuration list for PBXProject "SwiftUIDemo" */ = {
			isa = XCConfigurationList;
			buildConfigurations = (
				228F7DB52ACF17E9006C9644 /* Debug */,
				228F7DB62ACF17E9006C9644 /* Release */,
			);
			defaultConfigurationIsVisible = 0;
			defaultConfigurationName = Release;
		};
		228F7DB72ACF17E9006C9644 /* Build configuration list for PBXNativeTarget "SwiftUIDemo" */ = {
			isa = XCConfigurationList;
			buildConfigurations = (
				228F7DB82ACF17E9006C9644 /* Debug */,
				228F7DB92ACF17E9006C9644 /* Release */,
			);
			defaultConfigurationIsVisible = 0;
			defaultConfigurationName = Release;
		};
/* End XCConfigurationList section */
	};
	rootObject = 228F7DA12ACF17E8006C9644 /* Project object */;
}
