// !$*UTF8*$!
{
	archiveVersion = 1;
	classes = {
	};
	objectVersion = 46;
	objects = {

/* Begin PBXBuildFile section */
		49BBBE829403C46C88EE748E /* Pods_Demo.framework in Frameworks */ = {isa = PBXBuildFile; fileRef = 094A4CD596AFE2FDC36B2833 /* Pods_Demo.framework */; };
		8642F4361D5F7F540061BDCD /* ExploreViewController.swift in Sources */ = {isa = PBXBuildFile; fileRef = 8642F4351D5F7F540061BDCD /* ExploreViewController.swift */; };
		86AEDCE61D5D1DB70030232E /* AppDelegate.swift in Sources */ = {isa = PBXBuildFile; fileRef = 86AEDCE51D5D1DB70030232E /* AppDelegate.swift */; };
		86AEDCE81D5D1DB70030232E /* ViewController.swift in Sources */ = {isa = PBXBuildFile; fileRef = 86AEDCE71D5D1DB70030232E /* ViewController.swift */; };
		86AEDCEB1D5D1DB70030232E /* Main.storyboard in Resources */ = {isa = PBXBuildFile; fileRef = 86AEDCE91D5D1DB70030232E /* Main.storyboard */; };
		86AEDCED1D5D1DB70030232E /* Assets.xcassets in Resources */ = {isa = PBXBuildFile; fileRef = 86AEDCEC1D5D1DB70030232E /* Assets.xcassets */; };
		86AEDCF01D5D1DB70030232E /* LaunchScreen.storyboard in Resources */ = {isa = PBXBuildFile; fileRef = 86AEDCEE1D5D1DB70030232E /* LaunchScreen.storyboard */; };
		86C0ABA01D5E814600F76BD6 /* TacoDialogView.xib in Resources */ = {isa = PBXBuildFile; fileRef = 86C0AB9F1D5E814600F76BD6 /* TacoDialogView.xib */; };
		86C0ABA21D5E816600F76BD6 /* TacoDialogView.swift in Sources */ = {isa = PBXBuildFile; fileRef = 86C0ABA11D5E816600F76BD6 /* TacoDialogView.swift */; };
/* End PBXBuildFile section */

/* Begin PBXFileReference section */
		094A4CD596AFE2FDC36B2833 /* Pods_Demo.framework */ = {isa = PBXFileReference; explicitFileType = wrapper.framework; includeInIndex = 0; path = Pods_Demo.framework; sourceTree = BUILT_PRODUCTS_DIR; };
		160AC8A3EE68E1D705664BF8 /* Pods-Demo.debug.xcconfig */ = {isa = PBXFileReference; includeInIndex = 1; lastKnownFileType = text.xcconfig; name = "Pods-Demo.debug.xcconfig"; path = "Pods/Target Support Files/Pods-Demo/Pods-Demo.debug.xcconfig"; sourceTree = "<group>"; };
		16131DA1E3BA049C9E4C0308 /* Pods-Demo.release.xcconfig */ = {isa = PBXFileReference; includeInIndex = 1; lastKnownFileType = text.xcconfig; name = "Pods-Demo.release.xcconfig"; path = "Pods/Target Support Files/Pods-Demo/Pods-Demo.release.xcconfig"; sourceTree = "<group>"; };
		8642F4351D5F7F540061BDCD /* ExploreViewController.swift */ = {isa = PBXFileReference; fileEncoding = 4; lastKnownFileType = sourcecode.swift; path = ExploreViewController.swift; sourceTree = "<group>"; };
		86AEDCE21D5D1DB70030232E /* Demo.app */ = {isa = PBXFileReference; explicitFileType = wrapper.application; includeInIndex = 0; path = Demo.app; sourceTree = BUILT_PRODUCTS_DIR; };
		86AEDCE51D5D1DB70030232E /* AppDelegate.swift */ = {isa = PBXFileReference; lastKnownFileType = sourcecode.swift; path = AppDelegate.swift; sourceTree = "<group>"; };
		86AEDCE71D5D1DB70030232E /* ViewController.swift */ = {isa = PBXFileReference; lastKnownFileType = sourcecode.swift; path = ViewController.swift; sourceTree = "<group>"; };
		86AEDCEA1D5D1DB70030232E /* Base */ = {isa = PBXFileReference; lastKnownFileType = file.storyboard; name = Base; path = Base.lproj/Main.storyboard; sourceTree = "<group>"; };
		86AEDCEC1D5D1DB70030232E /* Assets.xcassets */ = {isa = PBXFileReference; lastKnownFileType = folder.assetcatalog; path = Assets.xcassets; sourceTree = "<group>"; };
		86AEDCEF1D5D1DB70030232E /* Base */ = {isa = PBXFileReference; lastKnownFileType = file.storyboard; name = Base; path = Base.lproj/LaunchScreen.storyboard; sourceTree = "<group>"; };
		86AEDCF11D5D1DB70030232E /* Info.plist */ = {isa = PBXFileReference; lastKnownFileType = text.plist.xml; path = Info.plist; sourceTree = "<group>"; };
		86C0AB9F1D5E814600F76BD6 /* TacoDialogView.xib */ = {isa = PBXFileReference; fileEncoding = 4; lastKnownFileType = file.xib; path = TacoDialogView.xib; sourceTree = "<group>"; };
		86C0ABA11D5E816600F76BD6 /* TacoDialogView.swift */ = {isa = PBXFileReference; fileEncoding = 4; lastKnownFileType = sourcecode.swift; path = TacoDialogView.swift; sourceTree = "<group>"; };
/* End PBXFileReference section */

/* Begin PBXFrameworksBuildPhase section */
		86AEDCDF1D5D1DB70030232E /* Frameworks */ = {
			isa = PBXFrameworksBuildPhase;
			buildActionMask = 2147483647;
			files = (
				49BBBE829403C46C88EE748E /* Pods_Demo.framework in Frameworks */,
			);
			runOnlyForDeploymentPostprocessing = 0;
		};
/* End PBXFrameworksBuildPhase section */

/* Begin PBXGroup section */
		6AB98897E817EE976DD72852 /* Frameworks */ = {
			isa = PBXGroup;
			children = (
				094A4CD596AFE2FDC36B2833 /* Pods_Demo.framework */,
			);
			name = Frameworks;
			sourceTree = "<group>";
		};
		7AEB2A3BA8EF9DC4D87CD5FA /* Pods */ = {
			isa = PBXGroup;
			children = (
				160AC8A3EE68E1D705664BF8 /* Pods-Demo.debug.xcconfig */,
				16131DA1E3BA049C9E4C0308 /* Pods-Demo.release.xcconfig */,
			);
			name = Pods;
			sourceTree = "<group>";
		};
		86AEDCD91D5D1DB70030232E = {
			isa = PBXGroup;
			children = (
				86AEDCE41D5D1DB70030232E /* Demo */,
				86AEDCE31D5D1DB70030232E /* Products */,
				7AEB2A3BA8EF9DC4D87CD5FA /* Pods */,
				6AB98897E817EE976DD72852 /* Frameworks */,
			);
			sourceTree = "<group>";
		};
		86AEDCE31D5D1DB70030232E /* Products */ = {
			isa = PBXGroup;
			children = (
				86AEDCE21D5D1DB70030232E /* Demo.app */,
			);
			name = Products;
			sourceTree = "<group>";
		};
		86AEDCE41D5D1DB70030232E /* Demo */ = {
			isa = PBXGroup;
			children = (
				86AEDCE51D5D1DB70030232E /* AppDelegate.swift */,
				86AEDCE71D5D1DB70030232E /* ViewController.swift */,
				8642F4351D5F7F540061BDCD /* ExploreViewController.swift */,
				86AEDCE91D5D1DB70030232E /* Main.storyboard */,
				86AEDCEC1D5D1DB70030232E /* Assets.xcassets */,
				86AEDCEE1D5D1DB70030232E /* LaunchScreen.storyboard */,
				86AEDCF11D5D1DB70030232E /* Info.plist */,
				86C0ABA11D5E816600F76BD6 /* TacoDialogView.swift */,
				86C0AB9F1D5E814600F76BD6 /* TacoDialogView.xib */,
			);
			path = Demo;
			sourceTree = "<group>";
		};
/* End PBXGroup section */

/* Begin PBXNativeTarget section */
		86AEDCE11D5D1DB70030232E /* Demo */ = {
			isa = PBXNativeTarget;
			buildConfigurationList = 86AEDCF41D5D1DB70030232E /* Build configuration list for PBXNativeTarget "Demo" */;
			buildPhases = (
				D459C3DF988BEB6ED9625B99 /* [CP] Check Pods Manifest.lock */,
				86AEDCDE1D5D1DB70030232E /* Sources */,
				86AEDCDF1D5D1DB70030232E /* Frameworks */,
				86AEDCE01D5D1DB70030232E /* Resources */,
				1EB2C90557DD78EF0B2FD638 /* [CP] Embed Pods Frameworks */,
				2FFDC4A45AD78DB76BCCD90F /* [CP] Copy Pods Resources */,
			);
			buildRules = (
			);
			dependencies = (
			);
			name = Demo;
			productName = Demo;
			productReference = 86AEDCE21D5D1DB70030232E /* Demo.app */;
			productType = "com.apple.product-type.application";
		};
/* End PBXNativeTarget section */

/* Begin PBXProject section */
		86AEDCDA1D5D1DB70030232E /* Project object */ = {
			isa = PBXProject;
			attributes = {
				LastSwiftUpdateCheck = 0730;
				LastUpgradeCheck = 0800;
				ORGANIZATIONNAME = "SwiftKick Mobile";
				TargetAttributes = {
					86AEDCE11D5D1DB70030232E = {
						CreatedOnToolsVersion = 7.3.1;
						LastSwiftMigration = 0800;
					};
				};
			};
			buildConfigurationList = 86AEDCDD1D5D1DB70030232E /* Build configuration list for PBXProject "Demo" */;
			compatibilityVersion = "Xcode 3.2";
			developmentRegion = English;
			hasScannedForEncodings = 0;
			knownRegions = (
				en,
				Base,
			);
			mainGroup = 86AEDCD91D5D1DB70030232E;
			productRefGroup = 86AEDCE31D5D1DB70030232E /* Products */;
			projectDirPath = "";
			projectRoot = "";
			targets = (
				86AEDCE11D5D1DB70030232E /* Demo */,
			);
		};
/* End PBXProject section */

/* Begin PBXResourcesBuildPhase section */
		86AEDCE01D5D1DB70030232E /* Resources */ = {
			isa = PBXResourcesBuildPhase;
			buildActionMask = 2147483647;
			files = (
				86AEDCF01D5D1DB70030232E /* LaunchScreen.storyboard in Resources */,
				86AEDCED1D5D1DB70030232E /* Assets.xcassets in Resources */,
				86C0ABA01D5E814600F76BD6 /* TacoDialogView.xib in Resources */,
				86AEDCEB1D5D1DB70030232E /* Main.storyboard in Resources */,
			);
			runOnlyForDeploymentPostprocessing = 0;
		};
/* End PBXResourcesBuildPhase section */

/* Begin PBXShellScriptBuildPhase section */
		1EB2C90557DD78EF0B2FD638 /* [CP] Embed Pods Frameworks */ = {
			isa = PBXShellScriptBuildPhase;
			buildActionMask = 2147483647;
			files = (
			);
			inputPaths = (
			);
			name = "[CP] Embed Pods Frameworks";
			outputPaths = (
			);
			runOnlyForDeploymentPostprocessing = 0;
			shellPath = /bin/sh;
			shellScript = "\"${SRCROOT}/Pods/Target Support Files/Pods-Demo/Pods-Demo-frameworks.sh\"\n";
			showEnvVarsInLog = 0;
		};
		2FFDC4A45AD78DB76BCCD90F /* [CP] Copy Pods Resources */ = {
			isa = PBXShellScriptBuildPhase;
			buildActionMask = 2147483647;
			files = (
			);
			inputPaths = (
			);
			name = "[CP] Copy Pods Resources";
			outputPaths = (
			);
			runOnlyForDeploymentPostprocessing = 0;
			shellPath = /bin/sh;
			shellScript = "\"${SRCROOT}/Pods/Target Support Files/Pods-Demo/Pods-Demo-resources.sh\"\n";
			showEnvVarsInLog = 0;
		};
		D459C3DF988BEB6ED9625B99 /* [CP] Check Pods Manifest.lock */ = {
			isa = PBXShellScriptBuildPhase;
			buildActionMask = 2147483647;
			files = (
			);
			inputPaths = (
			);
			name = "[CP] Check Pods Manifest.lock";
			outputPaths = (
			);
			runOnlyForDeploymentPostprocessing = 0;
			shellPath = /bin/sh;
			shellScript = "diff \"${PODS_ROOT}/../Podfile.lock\" \"${PODS_ROOT}/Manifest.lock\" > /dev/null\nif [ $? != 0 ] ; then\n    # print error to STDERR\n    echo \"error: The sandbox is not in sync with the Podfile.lock. Run 'pod install' or update your CocoaPods installation.\" >&2\n    exit 1\nfi\n";
			showEnvVarsInLog = 0;
		};
/* End PBXShellScriptBuildPhase section */

/* Begin PBXSourcesBuildPhase section */
		86AEDCDE1D5D1DB70030232E /* Sources */ = {
			isa = PBXSourcesBuildPhase;
			buildActionMask = 2147483647;
			files = (
				8642F4361D5F7F540061BDCD /* ExploreViewController.swift in Sources */,
				86AEDCE81D5D1DB70030232E /* ViewController.swift in Sources */,
				86AEDCE61D5D1DB70030232E /* AppDelegate.swift in Sources */,
				86C0ABA21D5E816600F76BD6 /* TacoDialogView.swift in Sources */,
			);
			runOnlyForDeploymentPostprocessing = 0;
		};
/* End PBXSourcesBuildPhase section */

/* Begin PBXVariantGroup section */
		86AEDCE91D5D1DB70030232E /* Main.storyboard */ = {
			isa = PBXVariantGroup;
			children = (
				86AEDCEA1D5D1DB70030232E /* Base */,
			);
			name = Main.storyboard;
			sourceTree = "<group>";
		};
		86AEDCEE1D5D1DB70030232E /* LaunchScreen.storyboard */ = {
			isa = PBXVariantGroup;
			children = (
				86AEDCEF1D5D1DB70030232E /* Base */,
			);
			name = LaunchScreen.storyboard;
			sourceTree = "<group>";
		};
/* End PBXVariantGroup section */

/* Begin XCBuildConfiguration section */
		86AEDCF21D5D1DB70030232E /* Debug */ = {
			isa = XCBuildConfiguration;
			buildSettings = {
				ALWAYS_SEARCH_USER_PATHS = NO;
				CLANG_ANALYZER_NONNULL = YES;
				CLANG_CXX_LANGUAGE_STANDARD = "gnu++0x";
				CLANG_CXX_LIBRARY = "libc++";
				CLANG_ENABLE_MODULES = YES;
				CLANG_ENABLE_OBJC_ARC = YES;
				CLANG_WARN_BOOL_CONVERSION = YES;
				CLANG_WARN_CONSTANT_CONVERSION = YES;
				CLANG_WARN_DIRECT_OBJC_ISA_USAGE = YES_ERROR;
				CLANG_WARN_EMPTY_BODY = YES;
				CLANG_WARN_ENUM_CONVERSION = YES;
				CLANG_WARN_INFINITE_RECURSION = YES;
				CLANG_WARN_INT_CONVERSION = YES;
				CLANG_WARN_OBJC_ROOT_CLASS = YES_ERROR;
				CLANG_WARN_SUSPICIOUS_MOVE = YES;
				CLANG_WARN_UNREACHABLE_CODE = YES;
				CLANG_WARN__DUPLICATE_METHOD_MATCH = YES;
				"CODE_SIGN_IDENTITY[sdk=iphoneos*]" = "iPhone Developer";
				COPY_PHASE_STRIP = NO;
				DEBUG_INFORMATION_FORMAT = dwarf;
				ENABLE_STRICT_OBJC_MSGSEND = YES;
				ENABLE_TESTABILITY = YES;
				GCC_C_LANGUAGE_STANDARD = gnu99;
				GCC_DYNAMIC_NO_PIC = NO;
				GCC_NO_COMMON_BLOCKS = YES;
				GCC_OPTIMIZATION_LEVEL = 0;
				GCC_PREPROCESSOR_DEFINITIONS = (
					"DEBUG=1",
					"$(inherited)",
				);
				GCC_WARN_64_TO_32_BIT_CONVERSION = YES;
				GCC_WARN_ABOUT_RETURN_TYPE = YES_ERROR;
				GCC_WARN_UNDECLARED_SELECTOR = YES;
				GCC_WARN_UNINITIALIZED_AUTOS = YES_AGGRESSIVE;
				GCC_WARN_UNUSED_FUNCTION = YES;
				GCC_WARN_UNUSED_VARIABLE = YES;
				IPHONEOS_DEPLOYMENT_TARGET = 9.3;
				MTL_ENABLE_DEBUG_INFO = YES;
				ONLY_ACTIVE_ARCH = YES;
				SDKROOT = iphoneos;
				SWIFT_OPTIMIZATION_LEVEL = "-Onone";
				SWIFT_VERSION = 3.0;
			};
			name = Debug;
		};
		86AEDCF31D5D1DB70030232E /* Release */ = {
			isa = XCBuildConfiguration;
			buildSettings = {
				ALWAYS_SEARCH_USER_PATHS = NO;
				CLANG_ANALYZER_NONNULL = YES;
				CLANG_CXX_LANGUAGE_STANDARD = "gnu++0x";
				CLANG_CXX_LIBRARY = "libc++";
				CLANG_ENABLE_MODULES = YES;
				CLANG_ENABLE_OBJC_ARC = YES;
				CLANG_WARN_BOOL_CONVERSION = YES;
				CLANG_WARN_CONSTANT_CONVERSION = YES;
				CLANG_WARN_DIRECT_OBJC_ISA_USAGE = YES_ERROR;
				CLANG_WARN_EMPTY_BODY = YES;
				CLANG_WARN_ENUM_CONVERSION = YES;
				CLANG_WARN_INFINITE_RECURSION = YES;
				CLANG_WARN_INT_CONVERSION = YES;
				CLANG_WARN_OBJC_ROOT_CLASS = YES_ERROR;
				CLANG_WARN_SUSPICIOUS_MOVE = YES;
				CLANG_WARN_UNREACHABLE_CODE = YES;
				CLANG_WARN__DUPLICATE_METHOD_MATCH = YES;
				"CODE_SIGN_IDENTITY[sdk=iphoneos*]" = "iPhone Developer";
				COPY_PHASE_STRIP = NO;
				DEBUG_INFORMATION_FORMAT = "dwarf-with-dsym";
				ENABLE_NS_ASSERTIONS = NO;
				ENABLE_STRICT_OBJC_MSGSEND = YES;
				GCC_C_LANGUAGE_STANDARD = gnu99;
				GCC_NO_COMMON_BLOCKS = YES;
				GCC_WARN_64_TO_32_BIT_CONVERSION = YES;
				GCC_WARN_ABOUT_RETURN_TYPE = YES_ERROR;
				GCC_WARN_UNDECLARED_SELECTOR = YES;
				GCC_WARN_UNINITIALIZED_AUTOS = YES_AGGRESSIVE;
				GCC_WARN_UNUSED_FUNCTION = YES;
				GCC_WARN_UNUSED_VARIABLE = YES;
				IPHONEOS_DEPLOYMENT_TARGET = 9.3;
				MTL_ENABLE_DEBUG_INFO = NO;
				SDKROOT = iphoneos;
				SWIFT_OPTIMIZATION_LEVEL = "-Owholemodule";
				SWIFT_VERSION = 3.0;
				VALIDATE_PRODUCT = YES;
			};
			name = Release;
		};
		86AEDCF51D5D1DB70030232E /* Debug */ = {
			isa = XCBuildConfiguration;
			baseConfigurationReference = 160AC8A3EE68E1D705664BF8 /* Pods-Demo.debug.xcconfig */;
			buildSettings = {
				ALWAYS_EMBED_SWIFT_STANDARD_LIBRARIES = YES;
				ASSETCATALOG_COMPILER_APPICON_NAME = AppIcon;
				INFOPLIST_FILE = Demo/Info.plist;
				LD_RUNPATH_SEARCH_PATHS = "$(inherited) @executable_path/Frameworks";
				PRODUCT_BUNDLE_IDENTIFIER = it.swiftkick.Demo;
				PRODUCT_NAME = "$(TARGET_NAME)";
				SWIFT_VERSION = 3.0;
			};
			name = Debug;
		};
		86AEDCF61D5D1DB70030232E /* Release */ = {
			isa = XCBuildConfiguration;
			baseConfigurationReference = 16131DA1E3BA049C9E4C0308 /* Pods-Demo.release.xcconfig */;
			buildSettings = {
				ALWAYS_EMBED_SWIFT_STANDARD_LIBRARIES = YES;
				ASSETCATALOG_COMPILER_APPICON_NAME = AppIcon;
				INFOPLIST_FILE = Demo/Info.plist;
				LD_RUNPATH_SEARCH_PATHS = "$(inherited) @executable_path/Frameworks";
				PRODUCT_BUNDLE_IDENTIFIER = it.swiftkick.Demo;
				PRODUCT_NAME = "$(TARGET_NAME)";
				SWIFT_VERSION = 3.0;
			};
			name = Release;
		};
/* End XCBuildConfiguration section */

/* Begin XCConfigurationList section */
		86AEDCDD1D5D1DB70030232E /* Build configuration list for PBXProject "Demo" */ = {
			isa = XCConfigurationList;
			buildConfigurations = (
				86AEDCF21D5D1DB70030232E /* Debug */,
				86AEDCF31D5D1DB70030232E /* Release */,
			);
			defaultConfigurationIsVisible = 0;
			defaultConfigurationName = Release;
		};
		86AEDCF41D5D1DB70030232E /* Build configuration list for PBXNativeTarget "Demo" */ = {
			isa = XCConfigurationList;
			buildConfigurations = (
				86AEDCF51D5D1DB70030232E /* Debug */,
				86AEDCF61D5D1DB70030232E /* Release */,
			);
			defaultConfigurationIsVisible = 0;
			defaultConfigurationName = Release;
		};
/* End XCConfigurationList section */
	};
	rootObject = 86AEDCDA1D5D1DB70030232E /* Project object */;
}
